// !$*UTF8*$!
{
	archiveVersion = 1;
	classes = {
	};
	objectVersion = 46;
	objects = {

/* Begin PBXBuildFile section */
		5C8A69691824A4FD0078D539 /* Foundation.framework in Frameworks */ = {isa = PBXBuildFile; fileRef = 5C8A69681824A4FD0078D539 /* Foundation.framework */; };
		5C8A696B1824A4FD0078D539 /* CoreGraphics.framework in Frameworks */ = {isa = PBXBuildFile; fileRef = 5C8A696A1824A4FD0078D539 /* CoreGraphics.framework */; };
		5C8A696D1824A4FD0078D539 /* UIKit.framework in Frameworks */ = {isa = PBXBuildFile; fileRef = 5C8A696C1824A4FD0078D539 /* UIKit.framework */; };
		5C8A696F1824A4FD0078D539 /* SpriteKit.framework in Frameworks */ = {isa = PBXBuildFile; fileRef = 5C8A696E1824A4FD0078D539 /* SpriteKit.framework */; };
		5C8A69751824A4FD0078D539 /* InfoPlist.strings in Resources */ = {isa = PBXBuildFile; fileRef = 5C8A69731824A4FD0078D539 /* InfoPlist.strings */; };
		5C8A69771824A4FD0078D539 /* main.m in Sources */ = {isa = PBXBuildFile; fileRef = 5C8A69761824A4FD0078D539 /* main.m */; };
		5C8A697B1824A4FD0078D539 /* ABAppDelegate.m in Sources */ = {isa = PBXBuildFile; fileRef = 5C8A697A1824A4FD0078D539 /* ABAppDelegate.m */; };
		5C8A697E1824A4FD0078D539 /* Main.storyboard in Resources */ = {isa = PBXBuildFile; fileRef = 5C8A697C1824A4FD0078D539 /* Main.storyboard */; };
		5C8A69811824A4FD0078D539 /* ABViewController.m in Sources */ = {isa = PBXBuildFile; fileRef = 5C8A69801824A4FD0078D539 /* ABViewController.m */; };
		5C8A69841824A4FD0078D539 /* ABMyScene.m in Sources */ = {isa = PBXBuildFile; fileRef = 5C8A69831824A4FD0078D539 /* ABMyScene.m */; };
		5C8A69861824A4FD0078D539 /* Spaceship.png in Resources */ = {isa = PBXBuildFile; fileRef = 5C8A69851824A4FD0078D539 /* Spaceship.png */; };
		5C8A69881824A4FD0078D539 /* Images.xcassets in Resources */ = {isa = PBXBuildFile; fileRef = 5C8A69871824A4FD0078D539 /* Images.xcassets */; };
		5C8A698F1824A4FE0078D539 /* XCTest.framework in Frameworks */ = {isa = PBXBuildFile; fileRef = 5C8A698E1824A4FE0078D539 /* XCTest.framework */; };
		5C8A69901824A4FE0078D539 /* Foundation.framework in Frameworks */ = {isa = PBXBuildFile; fileRef = 5C8A69681824A4FD0078D539 /* Foundation.framework */; };
		5C8A69911824A4FE0078D539 /* UIKit.framework in Frameworks */ = {isa = PBXBuildFile; fileRef = 5C8A696C1824A4FD0078D539 /* UIKit.framework */; };
		5C8A69991824A4FE0078D539 /* InfoPlist.strings in Resources */ = {isa = PBXBuildFile; fileRef = 5C8A69971824A4FE0078D539 /* InfoPlist.strings */; };
		5C8A699B1824A4FE0078D539 /* AngryBirdCloneTests.m in Sources */ = {isa = PBXBuildFile; fileRef = 5C8A699A1824A4FE0078D539 /* AngryBirdCloneTests.m */; };
		ACC1D54495ABE964CB1D36A5 /* ground.png in Resources */ = {isa = PBXBuildFile; fileRef = ACC1D3F8B0E61560A6104CE0 /* ground.png */; };
		ACC1DD839F5F7A517473186B /* bird.png in Resources */ = {isa = PBXBuildFile; fileRef = ACC1D68A4A269C818E91A5C6 /* bird.png */; };
/* End PBXBuildFile section */

/* Begin PBXContainerItemProxy section */
		5C8A69921824A4FE0078D539 /* PBXContainerItemProxy */ = {
			isa = PBXContainerItemProxy;
			containerPortal = 5C8A695D1824A4FD0078D539 /* Project object */;
			proxyType = 1;
			remoteGlobalIDString = 5C8A69641824A4FD0078D539;
			remoteInfo = AngryBirdClone;
		};
/* End PBXContainerItemProxy section */

/* Begin PBXFileReference section */
		5C8A69651824A4FD0078D539 /* AngryBirdClone.app */ = {isa = PBXFileReference; explicitFileType = wrapper.application; includeInIndex = 0; path = AngryBirdClone.app; sourceTree = BUILT_PRODUCTS_DIR; };
		5C8A69681824A4FD0078D539 /* Foundation.framework */ = {isa = PBXFileReference; lastKnownFileType = wrapper.framework; name = Foundation.framework; path = System/Library/Frameworks/Foundation.framework; sourceTree = SDKROOT; };
		5C8A696A1824A4FD0078D539 /* CoreGraphics.framework */ = {isa = PBXFileReference; lastKnownFileType = wrapper.framework; name = CoreGraphics.framework; path = System/Library/Frameworks/CoreGraphics.framework; sourceTree = SDKROOT; };
		5C8A696C1824A4FD0078D539 /* UIKit.framework */ = {isa = PBXFileReference; lastKnownFileType = wrapper.framework; name = UIKit.framework; path = System/Library/Frameworks/UIKit.framework; sourceTree = SDKROOT; };
		5C8A696E1824A4FD0078D539 /* SpriteKit.framework */ = {isa = PBXFileReference; lastKnownFileType = wrapper.framework; name = SpriteKit.framework; path = System/Library/Frameworks/SpriteKit.framework; sourceTree = SDKROOT; };
		5C8A69721824A4FD0078D539 /* AngryBirdClone-Info.plist */ = {isa = PBXFileReference; lastKnownFileType = text.plist.xml; path = "AngryBirdClone-Info.plist"; sourceTree = "<group>"; };
		5C8A69741824A4FD0078D539 /* en */ = {isa = PBXFileReference; lastKnownFileType = text.plist.strings; name = en; path = en.lproj/InfoPlist.strings; sourceTree = "<group>"; };
		5C8A69761824A4FD0078D539 /* main.m */ = {isa = PBXFileReference; lastKnownFileType = sourcecode.c.objc; path = main.m; sourceTree = "<group>"; };
		5C8A69781824A4FD0078D539 /* AngryBirdClone-Prefix.pch */ = {isa = PBXFileReference; lastKnownFileType = sourcecode.c.h; path = "AngryBirdClone-Prefix.pch"; sourceTree = "<group>"; };
		5C8A69791824A4FD0078D539 /* ABAppDelegate.h */ = {isa = PBXFileReference; lastKnownFileType = sourcecode.c.h; path = ABAppDelegate.h; sourceTree = "<group>"; };
		5C8A697A1824A4FD0078D539 /* ABAppDelegate.m */ = {isa = PBXFileReference; lastKnownFileType = sourcecode.c.objc; path = ABAppDelegate.m; sourceTree = "<group>"; };
		5C8A697D1824A4FD0078D539 /* Base */ = {isa = PBXFileReference; lastKnownFileType = file.storyboard; name = Base; path = Base.lproj/Main.storyboard; sourceTree = "<group>"; };
		5C8A697F1824A4FD0078D539 /* ABViewController.h */ = {isa = PBXFileReference; lastKnownFileType = sourcecode.c.h; path = ABViewController.h; sourceTree = "<group>"; };
		5C8A69801824A4FD0078D539 /* ABViewController.m */ = {isa = PBXFileReference; lastKnownFileType = sourcecode.c.objc; path = ABViewController.m; sourceTree = "<group>"; };
		5C8A69821824A4FD0078D539 /* ABMyScene.h */ = {isa = PBXFileReference; lastKnownFileType = sourcecode.c.h; path = ABMyScene.h; sourceTree = "<group>"; };
		5C8A69831824A4FD0078D539 /* ABMyScene.m */ = {isa = PBXFileReference; lastKnownFileType = sourcecode.c.objc; path = ABMyScene.m; sourceTree = "<group>"; };
		5C8A69851824A4FD0078D539 /* Spaceship.png */ = {isa = PBXFileReference; lastKnownFileType = image.png; path = Spaceship.png; sourceTree = "<group>"; };
		5C8A69871824A4FD0078D539 /* Images.xcassets */ = {isa = PBXFileReference; lastKnownFileType = folder.assetcatalog; path = Images.xcassets; sourceTree = "<group>"; };
		5C8A698D1824A4FE0078D539 /* AngryBirdCloneTests.xctest */ = {isa = PBXFileReference; explicitFileType = wrapper.cfbundle; includeInIndex = 0; path = AngryBirdCloneTests.xctest; sourceTree = BUILT_PRODUCTS_DIR; };
		5C8A698E1824A4FE0078D539 /* XCTest.framework */ = {isa = PBXFileReference; lastKnownFileType = wrapper.framework; name = XCTest.framework; path = Library/Frameworks/XCTest.framework; sourceTree = DEVELOPER_DIR; };
		5C8A69961824A4FE0078D539 /* AngryBirdCloneTests-Info.plist */ = {isa = PBXFileReference; lastKnownFileType = text.plist.xml; path = "AngryBirdCloneTests-Info.plist"; sourceTree = "<group>"; };
		5C8A69981824A4FE0078D539 /* en */ = {isa = PBXFileReference; lastKnownFileType = text.plist.strings; name = en; path = en.lproj/InfoPlist.strings; sourceTree = "<group>"; };
		5C8A699A1824A4FE0078D539 /* AngryBirdCloneTests.m */ = {isa = PBXFileReference; lastKnownFileType = sourcecode.c.objc; path = AngryBirdCloneTests.m; sourceTree = "<group>"; };
		ACC1D3F8B0E61560A6104CE0 /* ground.png */ = {isa = PBXFileReference; lastKnownFileType = image.png; path = ground.png; sourceTree = "<group>"; };
		ACC1D68A4A269C818E91A5C6 /* bird.png */ = {isa = PBXFileReference; lastKnownFileType = image.png; path = bird.png; sourceTree = "<group>"; };
/* End PBXFileReference section */

/* Begin PBXFrameworksBuildPhase section */
		5C8A69621824A4FD0078D539 /* Frameworks */ = {
			isa = PBXFrameworksBuildPhase;
			buildActionMask = 2147483647;
			files = (
				5C8A696B1824A4FD0078D539 /* CoreGraphics.framework in Frameworks */,
				5C8A696D1824A4FD0078D539 /* UIKit.framework in Frameworks */,
				5C8A696F1824A4FD0078D539 /* SpriteKit.framework in Frameworks */,
				5C8A69691824A4FD0078D539 /* Foundation.framework in Frameworks */,
			);
			runOnlyForDeploymentPostprocessing = 0;
		};
		5C8A698A1824A4FE0078D539 /* Frameworks */ = {
			isa = PBXFrameworksBuildPhase;
			buildActionMask = 2147483647;
			files = (
				5C8A698F1824A4FE0078D539 /* XCTest.framework in Frameworks */,
				5C8A69911824A4FE0078D539 /* UIKit.framework in Frameworks */,
				5C8A69901824A4FE0078D539 /* Foundation.framework in Frameworks */,
			);
			runOnlyForDeploymentPostprocessing = 0;
		};
/* End PBXFrameworksBuildPhase section */

/* Begin PBXGroup section */
		5C8A695C1824A4FD0078D539 = {
			isa = PBXGroup;
			children = (
				5C8A69701824A4FD0078D539 /* AngryBirdClone */,
				5C8A69941824A4FE0078D539 /* AngryBirdCloneTests */,
				5C8A69671824A4FD0078D539 /* Frameworks */,
				5C8A69661824A4FD0078D539 /* Products */,
			);
			sourceTree = "<group>";
		};
		5C8A69661824A4FD0078D539 /* Products */ = {
			isa = PBXGroup;
			children = (
				5C8A69651824A4FD0078D539 /* AngryBirdClone.app */,
				5C8A698D1824A4FE0078D539 /* AngryBirdCloneTests.xctest */,
			);
			name = Products;
			sourceTree = "<group>";
		};
		5C8A69671824A4FD0078D539 /* Frameworks */ = {
			isa = PBXGroup;
			children = (
				5C8A69681824A4FD0078D539 /* Foundation.framework */,
				5C8A696A1824A4FD0078D539 /* CoreGraphics.framework */,
				5C8A696C1824A4FD0078D539 /* UIKit.framework */,
				5C8A696E1824A4FD0078D539 /* SpriteKit.framework */,
				5C8A698E1824A4FE0078D539 /* XCTest.framework */,
			);
			name = Frameworks;
			sourceTree = "<group>";
		};
		5C8A69701824A4FD0078D539 /* AngryBirdClone */ = {
			isa = PBXGroup;
			children = (
				5C8A69791824A4FD0078D539 /* ABAppDelegate.h */,
				5C8A697A1824A4FD0078D539 /* ABAppDelegate.m */,
				5C8A697C1824A4FD0078D539 /* Main.storyboard */,
				5C8A697F1824A4FD0078D539 /* ABViewController.h */,
				5C8A69801824A4FD0078D539 /* ABViewController.m */,
				5C8A69821824A4FD0078D539 /* ABMyScene.h */,
				5C8A69831824A4FD0078D539 /* ABMyScene.m */,
				5C8A69851824A4FD0078D539 /* Spaceship.png */,
				5C8A69871824A4FD0078D539 /* Images.xcassets */,
				5C8A69711824A4FD0078D539 /* Supporting Files */,
				ACC1D3F8B0E61560A6104CE0 /* ground.png */,
				ACC1D68A4A269C818E91A5C6 /* bird.png */,
			);
			path = AngryBirdClone;
			sourceTree = "<group>";
		};
		5C8A69711824A4FD0078D539 /* Supporting Files */ = {
			isa = PBXGroup;
			children = (
				5C8A69721824A4FD0078D539 /* AngryBirdClone-Info.plist */,
				5C8A69731824A4FD0078D539 /* InfoPlist.strings */,
				5C8A69761824A4FD0078D539 /* main.m */,
				5C8A69781824A4FD0078D539 /* AngryBirdClone-Prefix.pch */,
			);
			name = "Supporting Files";
			sourceTree = "<group>";
		};
		5C8A69941824A4FE0078D539 /* AngryBirdCloneTests */ = {
			isa = PBXGroup;
			children = (
				5C8A699A1824A4FE0078D539 /* AngryBirdCloneTests.m */,
				5C8A69951824A4FE0078D539 /* Supporting Files */,
			);
			path = AngryBirdCloneTests;
			sourceTree = "<group>";
		};
		5C8A69951824A4FE0078D539 /* Supporting Files */ = {
			isa = PBXGroup;
			children = (
				5C8A69961824A4FE0078D539 /* AngryBirdCloneTests-Info.plist */,
				5C8A69971824A4FE0078D539 /* InfoPlist.strings */,
			);
			name = "Supporting Files";
			sourceTree = "<group>";
		};
/* End PBXGroup section */

/* Begin PBXNativeTarget section */
		5C8A69641824A4FD0078D539 /* AngryBirdClone */ = {
			isa = PBXNativeTarget;
			buildConfigurationList = 5C8A699E1824A4FE0078D539 /* Build configuration list for PBXNativeTarget "AngryBirdClone" */;
			buildPhases = (
				5C8A69611824A4FD0078D539 /* Sources */,
				5C8A69621824A4FD0078D539 /* Frameworks */,
				5C8A69631824A4FD0078D539 /* Resources */,
			);
			buildRules = (
			);
			dependencies = (
			);
			name = AngryBirdClone;
			productName = AngryBirdClone;
			productReference = 5C8A69651824A4FD0078D539 /* AngryBirdClone.app */;
			productType = "com.apple.product-type.application";
		};
		5C8A698C1824A4FE0078D539 /* AngryBirdCloneTests */ = {
			isa = PBXNativeTarget;
			buildConfigurationList = 5C8A69A11824A4FE0078D539 /* Build configuration list for PBXNativeTarget "AngryBirdCloneTests" */;
			buildPhases = (
				5C8A69891824A4FE0078D539 /* Sources */,
				5C8A698A1824A4FE0078D539 /* Frameworks */,
				5C8A698B1824A4FE0078D539 /* Resources */,
			);
			buildRules = (
			);
			dependencies = (
				5C8A69931824A4FE0078D539 /* PBXTargetDependency */,
			);
			name = AngryBirdCloneTests;
			productName = AngryBirdCloneTests;
			productReference = 5C8A698D1824A4FE0078D539 /* AngryBirdCloneTests.xctest */;
			productType = "com.apple.product-type.bundle.unit-test";
		};
/* End PBXNativeTarget section */

/* Begin PBXProject section */
		5C8A695D1824A4FD0078D539 /* Project object */ = {
			isa = PBXProject;
			attributes = {
				CLASSPREFIX = AB;
				LastUpgradeCheck = 0500;
				ORGANIZATIONNAME = gin0606;
				TargetAttributes = {
					5C8A698C1824A4FE0078D539 = {
						TestTargetID = 5C8A69641824A4FD0078D539 /* AngryBirdClone */;
					};
				};
			};
			buildConfigurationList = 5C8A69601824A4FD0078D539 /* Build configuration list for PBXProject "AngryBirdClone" */;
			compatibilityVersion = "Xcode 3.2";
			developmentRegion = English;
			hasScannedForEncodings = 0;
			knownRegions = (
				en,
				Base,
			);
			mainGroup = 5C8A695C1824A4FD0078D539;
			productRefGroup = 5C8A69661824A4FD0078D539 /* Products */;
			projectDirPath = "";
			projectRoot = "";
			targets = (
				5C8A69641824A4FD0078D539 /* AngryBirdClone */,
				5C8A698C1824A4FE0078D539 /* AngryBirdCloneTests */,
			);
		};
/* End PBXProject section */

/* Begin PBXResourcesBuildPhase section */
		5C8A69631824A4FD0078D539 /* Resources */ = {
			isa = PBXResourcesBuildPhase;
			buildActionMask = 2147483647;
			files = (
				5C8A69751824A4FD0078D539 /* InfoPlist.strings in Resources */,
				5C8A69881824A4FD0078D539 /* Images.xcassets in Resources */,
				5C8A69861824A4FD0078D539 /* Spaceship.png in Resources */,
				5C8A697E1824A4FD0078D539 /* Main.storyboard in Resources */,
				ACC1D54495ABE964CB1D36A5 /* ground.png in Resources */,
				ACC1DD839F5F7A517473186B /* bird.png in Resources */,
			);
			runOnlyForDeploymentPostprocessing = 0;
		};
		5C8A698B1824A4FE0078D539 /* Resources */ = {
			isa = PBXResourcesBuildPhase;
			buildActionMask = 2147483647;
			files = (
				5C8A69991824A4FE0078D539 /* InfoPlist.strings in Resources */,
			);
			runOnlyForDeploymentPostprocessing = 0;
		};
/* End PBXResourcesBuildPhase section */

/* Begin PBXSourcesBuildPhase section */
		5C8A69611824A4FD0078D539 /* Sources */ = {
			isa = PBXSourcesBuildPhase;
			buildActionMask = 2147483647;
			files = (
				5C8A69771824A4FD0078D539 /* main.m in Sources */,
				5C8A69841824A4FD0078D539 /* ABMyScene.m in Sources */,
				5C8A69811824A4FD0078D539 /* ABViewController.m in Sources */,
				5C8A697B1824A4FD0078D539 /* ABAppDelegate.m in Sources */,
			);
			runOnlyForDeploymentPostprocessing = 0;
		};
		5C8A69891824A4FE0078D539 /* Sources */ = {
			isa = PBXSourcesBuildPhase;
			buildActionMask = 2147483647;
			files = (
				5C8A699B1824A4FE0078D539 /* AngryBirdCloneTests.m in Sources */,
			);
			runOnlyForDeploymentPostprocessing = 0;
		};
/* End PBXSourcesBuildPhase section */

/* Begin PBXTargetDependency section */
		5C8A69931824A4FE0078D539 /* PBXTargetDependency */ = {
			isa = PBXTargetDependency;
			target = 5C8A69641824A4FD0078D539 /* AngryBirdClone */;
			targetProxy = 5C8A69921824A4FE0078D539 /* PBXContainerItemProxy */;
		};
/* End PBXTargetDependency section */

/* Begin PBXVariantGroup section */
		5C8A69731824A4FD0078D539 /* InfoPlist.strings */ = {
			isa = PBXVariantGroup;
			children = (
				5C8A69741824A4FD0078D539 /* en */,
			);
			name = InfoPlist.strings;
			sourceTree = "<group>";
		};
		5C8A697C1824A4FD0078D539 /* Main.storyboard */ = {
			isa = PBXVariantGroup;
			children = (
				5C8A697D1824A4FD0078D539 /* Base */,
			);
			name = Main.storyboard;
			sourceTree = "<group>";
		};
		5C8A69971824A4FE0078D539 /* InfoPlist.strings */ = {
			isa = PBXVariantGroup;
			children = (
				5C8A69981824A4FE0078D539 /* en */,
			);
			name = InfoPlist.strings;
			sourceTree = "<group>";
		};
/* End PBXVariantGroup section */

/* Begin XCBuildConfiguration section */
		5C8A699C1824A4FE0078D539 /* Debug */ = {
			isa = XCBuildConfiguration;
			buildSettings = {
				ALWAYS_SEARCH_USER_PATHS = NO;
				ARCHS = "$(ARCHS_STANDARD_INCLUDING_64_BIT)";
				CLANG_CXX_LANGUAGE_STANDARD = "gnu++0x";
				CLANG_CXX_LIBRARY = "libc++";
				CLANG_ENABLE_MODULES = YES;
				CLANG_ENABLE_OBJC_ARC = YES;
				CLANG_WARN_BOOL_CONVERSION = YES;
				CLANG_WARN_CONSTANT_CONVERSION = YES;
				CLANG_WARN_DIRECT_OBJC_ISA_USAGE = YES_ERROR;
				CLANG_WARN_EMPTY_BODY = YES;
				CLANG_WARN_ENUM_CONVERSION = YES;
				CLANG_WARN_INT_CONVERSION = YES;
				CLANG_WARN_OBJC_ROOT_CLASS = YES_ERROR;
				CLANG_WARN__DUPLICATE_METHOD_MATCH = YES;
				"CODE_SIGN_IDENTITY[sdk=iphoneos*]" = "iPhone Developer";
				COPY_PHASE_STRIP = NO;
				GCC_C_LANGUAGE_STANDARD = gnu99;
				GCC_DYNAMIC_NO_PIC = NO;
				GCC_OPTIMIZATION_LEVEL = 0;
				GCC_PREPROCESSOR_DEFINITIONS = (
					"DEBUG=1",
					"$(inherited)",
				);
				GCC_SYMBOLS_PRIVATE_EXTERN = NO;
				GCC_WARN_64_TO_32_BIT_CONVERSION = YES;
				GCC_WARN_ABOUT_RETURN_TYPE = YES_ERROR;
				GCC_WARN_UNDECLARED_SELECTOR = YES;
				GCC_WARN_UNINITIALIZED_AUTOS = YES;
				GCC_WARN_UNUSED_FUNCTION = YES;
				GCC_WARN_UNUSED_VARIABLE = YES;
				IPHONEOS_DEPLOYMENT_TARGET = 7.0;
				ONLY_ACTIVE_ARCH = YES;
				SDKROOT = iphoneos;
			};
			name = Debug;
		};
		5C8A699D1824A4FE0078D539 /* Release */ = {
			isa = XCBuildConfiguration;
			buildSettings = {
				ALWAYS_SEARCH_USER_PATHS = NO;
				ARCHS = "$(ARCHS_STANDARD_INCLUDING_64_BIT)";
				CLANG_CXX_LANGUAGE_STANDARD = "gnu++0x";
				CLANG_CXX_LIBRARY = "libc++";
				CLANG_ENABLE_MODULES = YES;
				CLANG_ENABLE_OBJC_ARC = YES;
				CLANG_WARN_BOOL_CONVERSION = YES;
				CLANG_WARN_CONSTANT_CONVERSION = YES;
				CLANG_WARN_DIRECT_OBJC_ISA_USAGE = YES_ERROR;
				CLANG_WARN_EMPTY_BODY = YES;
				CLANG_WARN_ENUM_CONVERSION = YES;
				CLANG_WARN_INT_CONVERSION = YES;
				CLANG_WARN_OBJC_ROOT_CLASS = YES_ERROR;
				CLANG_WARN__DUPLICATE_METHOD_MATCH = YES;
				"CODE_SIGN_IDENTITY[sdk=iphoneos*]" = "iPhone Developer";
				COPY_PHASE_STRIP = YES;
				ENABLE_NS_ASSERTIONS = NO;
				GCC_C_LANGUAGE_STANDARD = gnu99;
				GCC_WARN_64_TO_32_BIT_CONVERSION = YES;
				GCC_WARN_ABOUT_RETURN_TYPE = YES_ERROR;
				GCC_WARN_UNDECLARED_SELECTOR = YES;
				GCC_WARN_UNINITIALIZED_AUTOS = YES;
				GCC_WARN_UNUSED_FUNCTION = YES;
				GCC_WARN_UNUSED_VARIABLE = YES;
				IPHONEOS_DEPLOYMENT_TARGET = 7.0;
				SDKROOT = iphoneos;
				VALIDATE_PRODUCT = YES;
			};
			name = Release;
		};
		5C8A699F1824A4FE0078D539 /* Debug */ = {
			isa = XCBuildConfiguration;
			buildSettings = {
				ASSETCATALOG_COMPILER_APPICON_NAME = AppIcon;
				ASSETCATALOG_COMPILER_LAUNCHIMAGE_NAME = LaunchImage;
				GCC_PRECOMPILE_PREFIX_HEADER = YES;
				GCC_PREFIX_HEADER = "AngryBirdClone/AngryBirdClone-Prefix.pch";
				INFOPLIST_FILE = "AngryBirdClone/AngryBirdClone-Info.plist";
				PRODUCT_NAME = "$(TARGET_NAME)";
				SPRITEKIT_TEXTURE_ATLAS_OUTPUT = YES;
				WRAPPER_EXTENSION = app;
			};
			name = Debug;
		};
		5C8A69A01824A4FE0078D539 /* Release */ = {
			isa = XCBuildConfiguration;
			buildSettings = {
				ASSETCATALOG_COMPILER_APPICON_NAME = AppIcon;
				ASSETCATALOG_COMPILER_LAUNCHIMAGE_NAME = LaunchImage;
				GCC_PRECOMPILE_PREFIX_HEADER = YES;
				GCC_PREFIX_HEADER = "AngryBirdClone/AngryBirdClone-Prefix.pch";
				INFOPLIST_FILE = "AngryBirdClone/AngryBirdClone-Info.plist";
				PRODUCT_NAME = "$(TARGET_NAME)";
				SPRITEKIT_TEXTURE_ATLAS_OUTPUT = YES;
				WRAPPER_EXTENSION = app;
			};
			name = Release;
		};
		5C8A69A21824A4FE0078D539 /* Debug */ = {
			isa = XCBuildConfiguration;
			buildSettings = {
				ARCHS = "$(ARCHS_STANDARD_INCLUDING_64_BIT)";
				BUNDLE_LOADER = "$(BUILT_PRODUCTS_DIR)/AngryBirdClone.app/AngryBirdClone";
				FRAMEWORK_SEARCH_PATHS = (
					"$(SDKROOT)/Developer/Library/Frameworks",
					"$(inherited)",
					"$(DEVELOPER_FRAMEWORKS_DIR)",
				);
				GCC_PRECOMPILE_PREFIX_HEADER = YES;
				GCC_PREFIX_HEADER = "AngryBirdClone/AngryBirdClone-Prefix.pch";
				GCC_PREPROCESSOR_DEFINITIONS = (
					"DEBUG=1",
					"$(inherited)",
				);
				INFOPLIST_FILE = "AngryBirdCloneTests/AngryBirdCloneTests-Info.plist";
				PRODUCT_NAME = "$(TARGET_NAME)";
				TEST_HOST = "$(BUNDLE_LOADER)";
				WRAPPER_EXTENSION = xctest;
			};
			name = Debug;
		};
		5C8A69A31824A4FE0078D539 /* Release */ = {
			isa = XCBuildConfiguration;
			buildSettings = {
				ARCHS = "$(ARCHS_STANDARD_INCLUDING_64_BIT)";
				BUNDLE_LOADER = "$(BUILT_PRODUCTS_DIR)/AngryBirdClone.app/AngryBirdClone";
				FRAMEWORK_SEARCH_PATHS = (
					"$(SDKROOT)/Developer/Library/Frameworks",
					"$(inherited)",
					"$(DEVELOPER_FRAMEWORKS_DIR)",
				);
				GCC_PRECOMPILE_PREFIX_HEADER = YES;
				GCC_PREFIX_HEADER = "AngryBirdClone/AngryBirdClone-Prefix.pch";
				INFOPLIST_FILE = "AngryBirdCloneTests/AngryBirdCloneTests-Info.plist";
				PRODUCT_NAME = "$(TARGET_NAME)";
				TEST_HOST = "$(BUNDLE_LOADER)";
				WRAPPER_EXTENSION = xctest;
			};
			name = Release;
		};
/* End XCBuildConfiguration section */

/* Begin XCConfigurationList section */
		5C8A69601824A4FD0078D539 /* Build configuration list for PBXProject "AngryBirdClone" */ = {
			isa = XCConfigurationList;
			buildConfigurations = (
				5C8A699C1824A4FE0078D539 /* Debug */,
				5C8A699D1824A4FE0078D539 /* Release */,
			);
			defaultConfigurationIsVisible = 0;
			defaultConfigurationName = Release;
		};
		5C8A699E1824A4FE0078D539 /* Build configuration list for PBXNativeTarget "AngryBirdClone" */ = {
			isa = XCConfigurationList;
			buildConfigurations = (
				5C8A699F1824A4FE0078D539 /* Debug */,
				5C8A69A01824A4FE0078D539 /* Release */,
			);
			defaultConfigurationIsVisible = 0;
		};
		5C8A69A11824A4FE0078D539 /* Build configuration list for PBXNativeTarget "AngryBirdCloneTests" */ = {
			isa = XCConfigurationList;
			buildConfigurations = (
				5C8A69A21824A4FE0078D539 /* Debug */,
				5C8A69A31824A4FE0078D539 /* Release */,
			);
			defaultConfigurationIsVisible = 0;
		};
/* End XCConfigurationList section */
	};
	rootObject = 5C8A695D1824A4FD0078D539 /* Project object */;
}
